<?xml version="1.0" encoding="utf-8"?>
<Project ToolsVersion="4.0" xmlns="http://schemas.microsoft.com/developer/msbuild/2003">
  <ItemGroup>
    <Filter Include="源文件">
      <UniqueIdentifier>{4FC737F1-C7A5-4376-A066-2A32D752A2FF}</UniqueIdentifier>
      <Extensions>cpp;c;cc;cxx;def;odl;idl;hpj;bat;asm;asmx</Extensions>
    </Filter>
    <Filter Include="头文件">
      <UniqueIdentifier>{93995380-89BD-4b04-88EB-625FBE52EBFB}</UniqueIdentifier>
      <Extensions>h;hh;hpp;hxx;hm;inl;inc;xsd</Extensions>
    </Filter>
    <Filter Include="资源文件">
      <UniqueIdentifier>{67DA6AB6-F800-4c08-8B7A-83BB121AAD01}</UniqueIdentifier>
      <Extensions>rc;ico;cur;bmp;dlg;rc2;rct;bin;rgs;gif;jpg;jpeg;jpe;resx;tiff;tif;png;wav;mfcribbon-ms</Extensions>
    </Filter>
    <Filter Include="core">
      <UniqueIdentifier>{4c2b85df-6a48-460b-961b-c1e9c03de539}</UniqueIdentifier>
    </Filter>
    <Filter Include="control">
      <UniqueIdentifier>{4552a451-66e8-4e3a-b5c2-8bd0432cba69}</UniqueIdentifier>
    </Filter>
    <Filter Include="layout">
      <UniqueIdentifier>{6887d2a2-dfce-4411-a54f-436923625bca}</UniqueIdentifier>
    </Filter>
    <Filter Include="utils">
      <UniqueIdentifier>{fc9cc110-036e-421e-97a3-8851a7db3c44}</UniqueIdentifier>
    </Filter>
  </ItemGroup>
  <ItemGroup>
    <ClInclude Include="AnimationHelper.h">
      <Filter>头文件</Filter>
    </ClInclude>
    <ClInclude Include="ControlEx.h">
      <Filter>头文件</Filter>
    </ClInclude>
    <ClInclude Include="DragDropTarget.h">
      <Filter>头文件</Filter>
    </ClInclude>
    <ClInclude Include="GeneralEventSink.h">
      <Filter>头文件</Filter>
    </ClInclude>
    <ClInclude Include="ImgObject.h">
      <Filter>头文件</Filter>
    </ClInclude>
    <ClInclude Include="ImgObjectMgr.h">
      <Filter>头文件</Filter>
    </ClInclude>
    <ClInclude Include="MsGdiplus.h">
      <Filter>头文件</Filter>
    </ClInclude>
    <ClInclude Include="MsImage.h">
      <Filter>头文件</Filter>
    </ClInclude>
    <ClInclude Include="observer_impl_base.h">
      <Filter>头文件</Filter>
    </ClInclude>
    <ClInclude Include="OleHelper.h">
      <Filter>头文件</Filter>
    </ClInclude>
    <ClInclude Include="OwnerDrawButton.h">
      <Filter>头文件</Filter>
    </ClInclude>
    <ClInclude Include="stdafx.h">
      <Filter>头文件</Filter>
    </ClInclude>
    <ClInclude Include="targetver.h">
      <Filter>头文件</Filter>
    </ClInclude>
    <ClInclude Include="UIActiveX.h">
      <Filter>头文件</Filter>
    </ClInclude>
    <ClInclude Include="UIBase.h">
      <Filter>头文件</Filter>
    </ClInclude>
    <ClInclude Include="UICombo.h">
      <Filter>头文件</Filter>
    </ClInclude>
    <ClInclude Include="UICommonControls.h">
      <Filter>头文件</Filter>
    </ClInclude>
    <ClInclude Include="UIContainer.h">
      <Filter>头文件</Filter>
    </ClInclude>
    <ClInclude Include="UIControl.h">
      <Filter>头文件</Filter>
    </ClInclude>
    <ClInclude Include="UIDelegate.h">
      <Filter>头文件</Filter>
    </ClInclude>
    <ClInclude Include="UIDlgBuilder.h">
      <Filter>头文件</Filter>
    </ClInclude>
    <ClInclude Include="UIlib.h">
      <Filter>头文件</Filter>
    </ClInclude>
    <ClInclude Include="UIList.h">
      <Filter>头文件</Filter>
    </ClInclude>
    <ClInclude Include="UIManager.h">
      <Filter>头文件</Filter>
    </ClInclude>
    <ClInclude Include="UIMarkup.h">
      <Filter>头文件</Filter>
    </ClInclude>
    <ClInclude Include="UIMenu.h">
      <Filter>头文件</Filter>
    </ClInclude>
    <ClInclude Include="UIRender.h">
      <Filter>头文件</Filter>
    </ClInclude>
    <ClInclude Include="UIRichEdit.h">
      <Filter>头文件</Filter>
    </ClInclude>
    <ClInclude Include="UIRichEditFun.h">
      <Filter>头文件</Filter>
    </ClInclude>
    <ClInclude Include="util.h">
      <Filter>头文件</Filter>
    </ClInclude>
    <ClInclude Include="win_impl_base.h">
      <Filter>头文件</Filter>
    </ClInclude>
    <ClInclude Include="XContainer.h">
      <Filter>头文件</Filter>
    </ClInclude>
    <ClInclude Include="XHitTestControl.h">
      <Filter>头文件</Filter>
    </ClInclude>
    <ClInclude Include="XLayout.h">
      <Filter>头文件</Filter>
    </ClInclude>
  </ItemGroup>
  <ItemGroup>
    <ClCompile Include="DragDropTarget.cpp">
      <Filter>源文件</Filter>
    </ClCompile>
    <ClCompile Include="GeneralEventSink.cpp">
      <Filter>源文件</Filter>
    </ClCompile>
    <ClCompile Include="ImgObjectMgr.cpp">
      <Filter>源文件</Filter>
    </ClCompile>
    <ClCompile Include="MsGdiplus.cpp">
      <Filter>源文件</Filter>
    </ClCompile>
    <ClCompile Include="MsImage.cpp">
      <Filter>源文件</Filter>
    </ClCompile>
    <ClCompile Include="OleHelper.cpp">
      <Filter>源文件</Filter>
    </ClCompile>
    <ClCompile Include="OwnerDrawButton.cpp">
      <Filter>源文件</Filter>
    </ClCompile>
    <ClCompile Include="stb_image.cpp">
      <Filter>源文件</Filter>
    </ClCompile>
    <ClCompile Include="stdafx.cpp">
      <Filter>源文件</Filter>
    </ClCompile>
    <ClCompile Include="UIActiveX.cpp">
      <Filter>源文件</Filter>
    </ClCompile>
    <ClCompile Include="UIBase.cpp">
      <Filter>源文件</Filter>
    </ClCompile>
    <ClCompile Include="UICombo.cpp">
      <Filter>源文件</Filter>
    </ClCompile>
    <ClCompile Include="UICommonControls.cpp">
      <Filter>源文件</Filter>
    </ClCompile>
    <ClCompile Include="UIContainer.cpp">
      <Filter>源文件</Filter>
    </ClCompile>
    <ClCompile Include="UIControl.cpp">
      <Filter>源文件</Filter>
    </ClCompile>
    <ClCompile Include="UIDelegate.cpp">
      <Filter>源文件</Filter>
    </ClCompile>
    <ClCompile Include="UIDlgBuilder.cpp">
      <Filter>源文件</Filter>
    </ClCompile>
    <ClCompile Include="UIList.cpp">
      <Filter>源文件</Filter>
    </ClCompile>
    <ClCompile Include="UIManager.cpp">
      <Filter>源文件</Filter>
    </ClCompile>
    <ClCompile Include="UIMarkup.cpp">
      <Filter>源文件</Filter>
    </ClCompile>
    <ClCompile Include="UIMenu.cpp">
      <Filter>源文件</Filter>
    </ClCompile>
    <ClCompile Include="UIRender.cpp">
      <Filter>源文件</Filter>
    </ClCompile>
    <ClCompile Include="UIRichEdit.cpp">
      <Filter>源文件</Filter>
    </ClCompile>
    <ClCompile Include="UIRichEditFun.cpp">
      <Filter>源文件</Filter>
    </ClCompile>
    <ClCompile Include="win_impl_base.cpp">
      <Filter>源文件</Filter>
    </ClCompile>
    <ClCompile Include="XContainer.cpp">
      <Filter>源文件</Filter>
    </ClCompile>
    <ClCompile Include="XHitTestControl.cpp">
      <Filter>源文件</Filter>
    </ClCompile>
    <ClCompile Include="XLayout.cpp">
      <Filter>源文件</Filter>
    </ClCompile>
    <ClCompile Include="XUnzip.cpp">
      <Filter>源文件</Filter>
    </ClCompile>
    <ClCompile Include="AnimationHelper.cpp">
      <Filter>源文件</Filter>
    </ClCompile>
    <ClCompile Include="ControlEx.cpp">
      <Filter>源文件</Filter>
    </ClCompile>
    <ClCompile Include="dllmain.cpp">
      <Filter>源文件</Filter>
    </ClCompile>
  </ItemGroup>
</Project>